
Microsoft Visual Studio Solution File, Format Version 12.00
# Visual Studio Version 18
VisualStudioVersion = 18.3.11520.95 d18.3
MinimumVisualStudioVersion = 10.0.40219.1
Project("{FAE04EC0-301F-11D3-BF4B-00C04F79EFBC}") = "kit_pse84_ai_streaming", "kit_pse84_ai_streaming.csproj", "{ECC65B9D-AA9F-4534-925C-CFA297C68C77}"
EndProject
Global
	GlobalSection(SolutionConfigurationPlatforms) = preSolution
		Debug|Any CPU = Debug|Any CPU
		Debug|x64 = Debug|x64
		ew2026|Any CPU = ew2026|Any CPU
		ew2026|x64 = ew2026|x64
		Release|Any CPU = Release|Any CPU
		Release|x64 = Release|x64
	EndGlobalSection
	GlobalSection(ProjectConfigurationPlatforms) = postSolution
		{ECC65B9D-AA9F-4534-925C-CFA297C68C77}.Debug|Any CPU.ActiveCfg = Debug|Any CPU
		{ECC65B9D-AA9F-4534-925C-CFA297C68C77}.Debug|Any CPU.Build.0 = Debug|Any CPU
		{ECC65B9D-AA9F-4534-925C-CFA297C68C77}.Debug|x64.ActiveCfg = Debug|x64
		{ECC65B9D-AA9F-4534-925C-CFA297C68C77}.Debug|x64.Build.0 = Debug|x64
		{ECC65B9D-AA9F-4534-925C-CFA297C68C77}.ew2026|Any CPU.ActiveCfg = ew2026|Any CPU
		{ECC65B9D-AA9F-4534-925C-CFA297C68C77}.ew2026|Any CPU.Build.0 = ew2026|Any CPU
		{ECC65B9D-AA9F-4534-925C-CFA297C68C77}.ew2026|x64.ActiveCfg = ew2026|x64
		{ECC65B9D-AA9F-4534-925C-CFA297C68C77}.ew2026|x64.Build.0 = ew2026|x64
		{ECC65B9D-AA9F-4534-925C-CFA297C68C77}.Release|Any CPU.ActiveCfg = Release|Any CPU
		{ECC65B9D-AA9F-4534-925C-CFA297C68C77}.Release|Any CPU.Build.0 = Release|Any CPU
		{ECC65B9D-AA9F-4534-925C-CFA297C68C77}.Release|x64.ActiveCfg = Release|x64
		{ECC65B9D-AA9F-4534-925C-CFA297C68C77}.Release|x64.Build.0 = Release|x64
	EndGlobalSection
	GlobalSection(SolutionProperties) = preSolution
		HideSolutionNode = FALSE
	EndGlobalSection
EndGlobal
